
Microsoft Visual Studio Solution File, Format Version 12.00
# Visual Studio 15
VisualStudioVersion = 15.0.27703.2035
MinimumVisualStudioVersion = 10.0.40219.1
Project("{FAE04EC0-301F-11D3-BF4B-00C04F79EFBC}") = "Sideshow", "Sideshow\Sideshow.csproj", "{1DD1FDF0-17CC-4711-B748-5F2C18E23639}"
EndProject
Project("{FAE04EC0-301F-11D3-BF4B-00C04F79EFBC}") = "Sideshow.Adapters", "Sideshow.Adapters\Sideshow.Adapters.csproj", "{3E4A0781-D92B-4F66-90B2-28FD48DC2D6F}"
EndProject
Project("{FAE04EC0-301F-11D3-BF4B-00C04F79EFBC}") = "Sideshow.Views", "Sideshow.Views\Sideshow.Views.csproj", "{CDD51319-2904-48EC-9BA9-1004F230068B}"
EndProject
Global
	GlobalSection(SolutionConfigurationPlatforms) = preSolution
		Debug|Any CPU = Debug|Any CPU
		Release|Any CPU = Release|Any CPU
	EndGlobalSection
	GlobalSection(ProjectConfigurationPlatforms) = postSolution
		{1DD1FDF0-17CC-4711-B748-5F2C18E23639}.Debug|Any CPU.ActiveCfg = Debug|Any CPU
		{1DD1FDF0-17CC-4711-B748-5F2C18E23639}.Debug|Any CPU.Build.0 = Debug|Any CPU
		{1DD1FDF0-17CC-4711-B748-5F2C18E23639}.Release|Any CPU.ActiveCfg = Release|Any CPU
		{1DD1FDF0-17CC-4711-B748-5F2C18E23639}.Release|Any CPU.Build.0 = Release|Any CPU
		{3E4A0781-D92B-4F66-90B2-28FD48DC2D6F}.Debug|Any CPU.ActiveCfg = Debug|Any CPU
		{3E4A0781-D92B-4F66-90B2-28FD48DC2D6F}.Debug|Any CPU.Build.0 = Debug|Any CPU
		{3E4A0781-D92B-4F66-90B2-28FD48DC2D6F}.Release|Any CPU.ActiveCfg = Release|Any CPU
		{3E4A0781-D92B-4F66-90B2-28FD48DC2D6F}.Release|Any CPU.Build.0 = Release|Any CPU
		{CDD51319-2904-48EC-9BA9-1004F230068B}.Debug|Any CPU.ActiveCfg = Debug|Any CPU
		{CDD51319-2904-48EC-9BA9-1004F230068B}.Debug|Any CPU.Build.0 = Debug|Any CPU
		{CDD51319-2904-48EC-9BA9-1004F230068B}.Release|Any CPU.ActiveCfg = Release|Any CPU
		{CDD51319-2904-48EC-9BA9-1004F230068B}.Release|Any CPU.Build.0 = Release|Any CPU
	EndGlobalSection
	GlobalSection(SolutionProperties) = preSolution
		HideSolutionNode = FALSE
	EndGlobalSection
	GlobalSection(ExtensibilityGlobals) = postSolution
		SolutionGuid = {2ACD9952-EA4F-405F-9F85-F413E22577BD}
	EndGlobalSection
EndGlobal
